// !$*UTF8*$!
{
	archiveVersion = 1;
	classes = {
	};
	objectVersion = 46;
	objects = {

/* Begin PBXBuildFile section */
		C123332B18D6D43100894EED /* InfoPlist.strings in Resources */ = {isa = PBXBuildFile; fileRef = C123332918D6D43100894EED /* InfoPlist.strings */; };
		C123332D18D6D43100894EED /* main.m in Sources */ = {isa = PBXBuildFile; fileRef = C123332C18D6D43100894EED /* main.m */; };
		C123333118D6D43100894EED /* AppDelegate.m in Sources */ = {isa = PBXBuildFile; fileRef = C123333018D6D43100894EED /* AppDelegate.m */; };
		C123333318D6D43100894EED /* Images.xcassets in Resources */ = {isa = PBXBuildFile; fileRef = C123333218D6D43100894EED /* Images.xcassets */; };
		C123335218D6D4E900894EED /* MainViewController.m in Sources */ = {isa = PBXBuildFile; fileRef = C123335018D6D4E900894EED /* MainViewController.m */; };
		C123335618D6D87B00894EED /* UIImage+Additions.m in Sources */ = {isa = PBXBuildFile; fileRef = C123335518D6D87B00894EED /* UIImage+Additions.m */; };
		D960A76F1D6FDD6D001BF94E /* icon_meeting_share.png in Resources */ = {isa = PBXBuildFile; fileRef = D960A7691D6FDD6D001BF94E /* icon_meeting_share.png */; };
		D960A7701D6FDD6D001BF94E /* icon_meeting_share@2x.png in Resources */ = {isa = PBXBuildFile; fileRef = D960A76A1D6FDD6D001BF94E /* icon_meeting_share@2x.png */; };
		D960A7711D6FDD6D001BF94E /* icon_meeting_share@3x.png in Resources */ = {isa = PBXBuildFile; fileRef = D960A76B1D6FDD6D001BF94E /* icon_meeting_share@3x.png */; };
		D960A7721D6FDD6D001BF94E /* icon_meeting_stopshare.png in Resources */ = {isa = PBXBuildFile; fileRef = D960A76C1D6FDD6D001BF94E /* icon_meeting_stopshare.png */; };
		D960A7731D6FDD6D001BF94E /* icon_meeting_stopshare@2x.png in Resources */ = {isa = PBXBuildFile; fileRef = D960A76D1D6FDD6D001BF94E /* icon_meeting_stopshare@2x.png */; };
		D960A7741D6FDD6D001BF94E /* icon_meeting_stopshare@3x.png in Resources */ = {isa = PBXBuildFile; fileRef = D960A76E1D6FDD6D001BF94E /* icon_meeting_stopshare@3x.png */; };
		D98403EF1DC44DAA00085DBF /* mobileRTC.framework in Frameworks */ = {isa = PBXBuildFile; fileRef = D98403EE1DC44DAA00085DBF /* mobileRTC.framework */; };
		D98403F11DC44DB100085DBF /* MobileRTCResources.bundle in Resources */ = {isa = PBXBuildFile; fileRef = D98403F01DC44DB100085DBF /* MobileRTCResources.bundle */; };
		D996D23F1C99473F00C284F0 /* Localizable.strings in Resources */ = {isa = PBXBuildFile; fileRef = D996D23D1C99473F00C284F0 /* Localizable.strings */; };
		D996D2481C99478B00C284F0 /* InviteViewController.m in Sources */ = {isa = PBXBuildFile; fileRef = D996D2441C99478B00C284F0 /* InviteViewController.m */; };
		D996D2491C99478B00C284F0 /* LaunchScreen.xib in Resources */ = {isa = PBXBuildFile; fileRef = D996D2451C99478B00C284F0 /* LaunchScreen.xib */; };
		D996D24A1C99478B00C284F0 /* SettingsViewController.m in Sources */ = {isa = PBXBuildFile; fileRef = D996D2471C99478B00C284F0 /* SettingsViewController.m */; };
		D9E564441D9CF23300EF8C30 /* libz.1.2.5.tbd in Frameworks */ = {isa = PBXBuildFile; fileRef = D9E564431D9CF23300EF8C30 /* libz.1.2.5.tbd */; };
		D9E564471D9CF23B00EF8C30 /* libsqlite3.tbd in Frameworks */ = {isa = PBXBuildFile; fileRef = D9E564461D9CF23B00EF8C30 /* libsqlite3.tbd */; };
		D9E564491D9CF24200EF8C30 /* VideoToolbox.framework in Frameworks */ = {isa = PBXBuildFile; fileRef = D9E564481D9CF24200EF8C30 /* VideoToolbox.framework */; };
		D9E5644B1D9CF25900EF8C30 /* libstdc++.6.0.9.tbd in Frameworks */ = {isa = PBXBuildFile; fileRef = D9E5644A1D9CF25900EF8C30 /* libstdc++.6.0.9.tbd */; };
		D9E564921D9CFF7000EF8C30 /* CoreBluetooth.framework in Frameworks */ = {isa = PBXBuildFile; fileRef = D9E564911D9CFF7000EF8C30 /* CoreBluetooth.framework */; };
		D9FCEC191CEEB9CB0071F330 /* IntroViewController.m in Sources */ = {isa = PBXBuildFile; fileRef = D9FCEC141CEEB9CB0071F330 /* IntroViewController.m */; };
		D9FCEC1B1CEEB9CB0071F330 /* SplashViewController.m in Sources */ = {isa = PBXBuildFile; fileRef = D9FCEC181CEEB9CB0071F330 /* SplashViewController.m */; };
		D9FCEC291CEEB9F70071F330 /* icon_meet.png in Resources */ = {isa = PBXBuildFile; fileRef = D9FCEC1C1CEEB9F70071F330 /* icon_meet.png */; };
		D9FCEC2A1CEEB9F70071F330 /* icon_meet@2x.png in Resources */ = {isa = PBXBuildFile; fileRef = D9FCEC1D1CEEB9F70071F330 /* icon_meet@2x.png */; };
		D9FCEC2B1CEEB9F70071F330 /* icon_pause@2x.png in Resources */ = {isa = PBXBuildFile; fileRef = D9FCEC1E1CEEB9F70071F330 /* icon_pause@2x.png */; };
		D9FCEC2C1CEEB9F70071F330 /* icon_resume@2x.png in Resources */ = {isa = PBXBuildFile; fileRef = D9FCEC1F1CEEB9F70071F330 /* icon_resume@2x.png */; };
		D9FCEC2D1CEEB9F70071F330 /* icon_setting.png in Resources */ = {isa = PBXBuildFile; fileRef = D9FCEC201CEEB9F70071F330 /* icon_setting.png */; };
		D9FCEC2E1CEEB9F70071F330 /* icon_setting@2x.png in Resources */ = {isa = PBXBuildFile; fileRef = D9FCEC211CEEB9F70071F330 /* icon_setting@2x.png */; };
		D9FCEC301CEEB9F70071F330 /* icon_share_app@2x.png in Resources */ = {isa = PBXBuildFile; fileRef = D9FCEC231CEEB9F70071F330 /* icon_share_app@2x.png */; };
		D9FCEC321CEEB9F70071F330 /* zoom_intro1.png in Resources */ = {isa = PBXBuildFile; fileRef = D9FCEC251CEEB9F70071F330 /* zoom_intro1.png */; };
		D9FCEC331CEEB9F70071F330 /* zoom_intro2.png in Resources */ = {isa = PBXBuildFile; fileRef = D9FCEC261CEEB9F70071F330 /* zoom_intro2.png */; };
		D9FCEC341CEEB9F70071F330 /* zoom_intro3.png in Resources */ = {isa = PBXBuildFile; fileRef = D9FCEC271CEEB9F70071F330 /* zoom_intro3.png */; };
		D9FCEC351CEEB9F70071F330 /* zoom_intro4.png in Resources */ = {isa = PBXBuildFile; fileRef = D9FCEC281CEEB9F70071F330 /* zoom_intro4.png */; };
		F75FDB761D6C370B004DC2FA /* LanguaguePickerViewController.m in Sources */ = {isa = PBXBuildFile; fileRef = F75FDB751D6C370B004DC2FA /* LanguaguePickerViewController.m */; };
/* End PBXBuildFile section */

/* Begin PBXContainerItemProxy section */
		D98403A51DC44D6900085DBF /* PBXContainerItemProxy */ = {
			isa = PBXContainerItemProxy;
			containerPortal = D98403A01DC44D6900085DBF /* MobileRTC.xcodeproj */;
			proxyType = 2;
			remoteGlobalIDString = C123330818D6D22700894EED;
			remoteInfo = MobileRTCResources;
		};
		D98403A71DC44D6900085DBF /* PBXContainerItemProxy */ = {
			isa = PBXContainerItemProxy;
			containerPortal = D98403A01DC44D6900085DBF /* MobileRTC.xcodeproj */;
			proxyType = 2;
			remoteGlobalIDString = D96B283A1CE413B4000DEDB3;
			remoteInfo = MobileRTC;
		};
		D98403E81DC44D9500085DBF /* PBXContainerItemProxy */ = {
			isa = PBXContainerItemProxy;
			containerPortal = D98403A01DC44D6900085DBF /* MobileRTC.xcodeproj */;
			proxyType = 1;
			remoteGlobalIDString = C123330718D6D22700894EED;
			remoteInfo = MobileRTCResources;
		};
		D98403EA1DC44D9500085DBF /* PBXContainerItemProxy */ = {
			isa = PBXContainerItemProxy;
			containerPortal = D98403A01DC44D6900085DBF /* MobileRTC.xcodeproj */;
			proxyType = 1;
			remoteGlobalIDString = D96B28391CE413B4000DEDB3;
			remoteInfo = MobileRTC;
		};
/* End PBXContainerItemProxy section */

/* Begin PBXFileReference section */
		C123331D18D6D43100894EED /* MobileRTCSample.app */ = {isa = PBXFileReference; explicitFileType = wrapper.application; includeInIndex = 0; path = MobileRTCSample.app; sourceTree = BUILT_PRODUCTS_DIR; };
		C123332818D6D43100894EED /* MobileRTCSample-Info.plist */ = {isa = PBXFileReference; lastKnownFileType = text.plist.xml; path = "MobileRTCSample-Info.plist"; sourceTree = "<group>"; };
		C123332A18D6D43100894EED /* en */ = {isa = PBXFileReference; lastKnownFileType = text.plist.strings; name = en; path = en.lproj/InfoPlist.strings; sourceTree = "<group>"; };
		C123332C18D6D43100894EED /* main.m */ = {isa = PBXFileReference; lastKnownFileType = sourcecode.c.objc; path = main.m; sourceTree = "<group>"; };
		C123332E18D6D43100894EED /* MobileRTCSample-Prefix.pch */ = {isa = PBXFileReference; lastKnownFileType = sourcecode.c.h; path = "MobileRTCSample-Prefix.pch"; sourceTree = "<group>"; };
		C123332F18D6D43100894EED /* AppDelegate.h */ = {isa = PBXFileReference; lastKnownFileType = sourcecode.c.h; path = AppDelegate.h; sourceTree = "<group>"; };
		C123333018D6D43100894EED /* AppDelegate.m */ = {isa = PBXFileReference; lastKnownFileType = sourcecode.c.objc; path = AppDelegate.m; sourceTree = "<group>"; };
		C123333218D6D43100894EED /* Images.xcassets */ = {isa = PBXFileReference; lastKnownFileType = folder.assetcatalog; path = Images.xcassets; sourceTree = "<group>"; };
		C123334F18D6D4E900894EED /* MainViewController.h */ = {isa = PBXFileReference; fileEncoding = 4; lastKnownFileType = sourcecode.c.h; path = MainViewController.h; sourceTree = "<group>"; };
		C123335018D6D4E900894EED /* MainViewController.m */ = {isa = PBXFileReference; fileEncoding = 4; lastKnownFileType = sourcecode.c.objc; path = MainViewController.m; sourceTree = "<group>"; };
		C123335418D6D87B00894EED /* UIImage+Additions.h */ = {isa = PBXFileReference; fileEncoding = 4; lastKnownFileType = sourcecode.c.h; path = "UIImage+Additions.h"; sourceTree = "<group>"; };
		C123335518D6D87B00894EED /* UIImage+Additions.m */ = {isa = PBXFileReference; fileEncoding = 4; lastKnownFileType = sourcecode.c.objc; path = "UIImage+Additions.m"; sourceTree = "<group>"; };
		C1D8947B19AF2DF800C7D61D /* zh-Hans */ = {isa = PBXFileReference; lastKnownFileType = text.plist.strings; name = "zh-Hans"; path = "zh-Hans.lproj/InfoPlist.strings"; sourceTree = "<group>"; };
		D960A7691D6FDD6D001BF94E /* icon_meeting_share.png */ = {isa = PBXFileReference; lastKnownFileType = image.png; path = icon_meeting_share.png; sourceTree = "<group>"; };
		D960A76A1D6FDD6D001BF94E /* icon_meeting_share@2x.png */ = {isa = PBXFileReference; lastKnownFileType = image.png; path = "icon_meeting_share@2x.png"; sourceTree = "<group>"; };
		D960A76B1D6FDD6D001BF94E /* icon_meeting_share@3x.png */ = {isa = PBXFileReference; lastKnownFileType = image.png; path = "icon_meeting_share@3x.png"; sourceTree = "<group>"; };
		D960A76C1D6FDD6D001BF94E /* icon_meeting_stopshare.png */ = {isa = PBXFileReference; lastKnownFileType = image.png; path = icon_meeting_stopshare.png; sourceTree = "<group>"; };
		D960A76D1D6FDD6D001BF94E /* icon_meeting_stopshare@2x.png */ = {isa = PBXFileReference; lastKnownFileType = image.png; path = "icon_meeting_stopshare@2x.png"; sourceTree = "<group>"; };
		D960A76E1D6FDD6D001BF94E /* icon_meeting_stopshare@3x.png */ = {isa = PBXFileReference; lastKnownFileType = image.png; path = "icon_meeting_stopshare@3x.png"; sourceTree = "<group>"; };
		D98403A01DC44D6900085DBF /* MobileRTC.xcodeproj */ = {isa = PBXFileReference; lastKnownFileType = "wrapper.pb-project"; name = MobileRTC.xcodeproj; path = ../MobileRTC/MobileRTC.xcodeproj; sourceTree = "<group>"; };
		D98403EE1DC44DAA00085DBF /* mobileRTC.framework */ = {isa = PBXFileReference; lastKnownFileType = wrapper.framework; name = mobileRTC.framework; path = ../lib/mobileRTC.framework; sourceTree = "<group>"; };
		D98403F01DC44DB100085DBF /* MobileRTCResources.bundle */ = {isa = PBXFileReference; lastKnownFileType = "wrapper.plug-in"; name = MobileRTCResources.bundle; path = ../lib/MobileRTCResources.bundle; sourceTree = "<group>"; };
		D996D23E1C99473F00C284F0 /* en */ = {isa = PBXFileReference; lastKnownFileType = text.plist.strings; name = en; path = en.lproj/Localizable.strings; sourceTree = "<group>"; };
		D996D2401C99474500C284F0 /* zh-Hans */ = {isa = PBXFileReference; lastKnownFileType = text.plist.strings; name = "zh-Hans"; path = "zh-Hans.lproj/Localizable.strings"; sourceTree = "<group>"; };
		D996D2431C99478B00C284F0 /* InviteViewController.h */ = {isa = PBXFileReference; fileEncoding = 4; lastKnownFileType = sourcecode.c.h; path = InviteViewController.h; sourceTree = "<group>"; };
		D996D2441C99478B00C284F0 /* InviteViewController.m */ = {isa = PBXFileReference; fileEncoding = 4; lastKnownFileType = sourcecode.c.objc; path = InviteViewController.m; sourceTree = "<group>"; };
		D996D2451C99478B00C284F0 /* LaunchScreen.xib */ = {isa = PBXFileReference; fileEncoding = 4; lastKnownFileType = file.xib; path = LaunchScreen.xib; sourceTree = "<group>"; };
		D996D2461C99478B00C284F0 /* SettingsViewController.h */ = {isa = PBXFileReference; fileEncoding = 4; lastKnownFileType = sourcecode.c.h; path = SettingsViewController.h; sourceTree = "<group>"; };
		D996D2471C99478B00C284F0 /* SettingsViewController.m */ = {isa = PBXFileReference; fileEncoding = 4; lastKnownFileType = sourcecode.c.objc; path = SettingsViewController.m; sourceTree = "<group>"; };
		D9A095D81DA8D55600498CA1 /* ja */ = {isa = PBXFileReference; lastKnownFileType = text.plist.strings; name = ja; path = ja.lproj/Localizable.strings; sourceTree = "<group>"; };
		D9A095D91DA8D71100498CA1 /* de */ = {isa = PBXFileReference; lastKnownFileType = text.plist.strings; name = de; path = de.lproj/Localizable.strings; sourceTree = "<group>"; };
		D9A095DA1DA8D75500498CA1 /* fr */ = {isa = PBXFileReference; lastKnownFileType = text.plist.strings; name = fr; path = fr.lproj/Localizable.strings; sourceTree = "<group>"; };
		D9A095DB1DA8D76700498CA1 /* zh-Hant */ = {isa = PBXFileReference; lastKnownFileType = text.plist.strings; name = "zh-Hant"; path = "zh-Hant.lproj/Localizable.strings"; sourceTree = "<group>"; };
		D9A095DC1DA8D77E00498CA1 /* es */ = {isa = PBXFileReference; lastKnownFileType = text.plist.strings; name = es; path = es.lproj/Localizable.strings; sourceTree = "<group>"; };
		D9E564431D9CF23300EF8C30 /* libz.1.2.5.tbd */ = {isa = PBXFileReference; lastKnownFileType = "sourcecode.text-based-dylib-definition"; name = libz.1.2.5.tbd; path = usr/lib/libz.1.2.5.tbd; sourceTree = SDKROOT; };
		D9E564461D9CF23B00EF8C30 /* libsqlite3.tbd */ = {isa = PBXFileReference; lastKnownFileType = "sourcecode.text-based-dylib-definition"; name = libsqlite3.tbd; path = usr/lib/libsqlite3.tbd; sourceTree = SDKROOT; };
		D9E564481D9CF24200EF8C30 /* VideoToolbox.framework */ = {isa = PBXFileReference; lastKnownFileType = wrapper.framework; name = VideoToolbox.framework; path = System/Library/Frameworks/VideoToolbox.framework; sourceTree = SDKROOT; };
		D9E5644A1D9CF25900EF8C30 /* libstdc++.6.0.9.tbd */ = {isa = PBXFileReference; lastKnownFileType = "sourcecode.text-based-dylib-definition"; name = "libstdc++.6.0.9.tbd"; path = "usr/lib/libstdc++.6.0.9.tbd"; sourceTree = SDKROOT; };
		D9E564911D9CFF7000EF8C30 /* CoreBluetooth.framework */ = {isa = PBXFileReference; lastKnownFileType = wrapper.framework; name = CoreBluetooth.framework; path = System/Library/Frameworks/CoreBluetooth.framework; sourceTree = SDKROOT; };
		D9FCEC131CEEB9CB0071F330 /* IntroViewController.h */ = {isa = PBXFileReference; fileEncoding = 4; lastKnownFileType = sourcecode.c.h; path = IntroViewController.h; sourceTree = "<group>"; };
		D9FCEC141CEEB9CB0071F330 /* IntroViewController.m */ = {isa = PBXFileReference; fileEncoding = 4; lastKnownFileType = sourcecode.c.objc; path = IntroViewController.m; sourceTree = "<group>"; };
		D9FCEC171CEEB9CB0071F330 /* SplashViewController.h */ = {isa = PBXFileReference; fileEncoding = 4; lastKnownFileType = sourcecode.c.h; path = SplashViewController.h; sourceTree = "<group>"; };
		D9FCEC181CEEB9CB0071F330 /* SplashViewController.m */ = {isa = PBXFileReference; fileEncoding = 4; lastKnownFileType = sourcecode.c.objc; path = SplashViewController.m; sourceTree = "<group>"; };
		D9FCEC1C1CEEB9F70071F330 /* icon_meet.png */ = {isa = PBXFileReference; lastKnownFileType = image.png; path = icon_meet.png; sourceTree = "<group>"; };
		D9FCEC1D1CEEB9F70071F330 /* icon_meet@2x.png */ = {isa = PBXFileReference; lastKnownFileType = image.png; path = "icon_meet@2x.png"; sourceTree = "<group>"; };
		D9FCEC1E1CEEB9F70071F330 /* icon_pause@2x.png */ = {isa = PBXFileReference; lastKnownFileType = image.png; path = "icon_pause@2x.png"; sourceTree = "<group>"; };
		D9FCEC1F1CEEB9F70071F330 /* icon_resume@2x.png */ = {isa = PBXFileReference; lastKnownFileType = image.png; path = "icon_resume@2x.png"; sourceTree = "<group>"; };
		D9FCEC201CEEB9F70071F330 /* icon_setting.png */ = {isa = PBXFileReference; lastKnownFileType = image.png; path = icon_setting.png; sourceTree = "<group>"; };
		D9FCEC211CEEB9F70071F330 /* icon_setting@2x.png */ = {isa = PBXFileReference; lastKnownFileType = image.png; path = "icon_setting@2x.png"; sourceTree = "<group>"; };
		D9FCEC231CEEB9F70071F330 /* icon_share_app@2x.png */ = {isa = PBXFileReference; lastKnownFileType = image.png; path = "icon_share_app@2x.png"; sourceTree = "<group>"; };
		D9FCEC251CEEB9F70071F330 /* zoom_intro1.png */ = {isa = PBXFileReference; lastKnownFileType = image.png; path = zoom_intro1.png; sourceTree = "<group>"; };
		D9FCEC261CEEB9F70071F330 /* zoom_intro2.png */ = {isa = PBXFileReference; lastKnownFileType = image.png; path = zoom_intro2.png; sourceTree = "<group>"; };
		D9FCEC271CEEB9F70071F330 /* zoom_intro3.png */ = {isa = PBXFileReference; lastKnownFileType = image.png; path = zoom_intro3.png; sourceTree = "<group>"; };
		D9FCEC281CEEB9F70071F330 /* zoom_intro4.png */ = {isa = PBXFileReference; lastKnownFileType = image.png; path = zoom_intro4.png; sourceTree = "<group>"; };
		F75FDB741D6C370B004DC2FA /* LanguaguePickerViewController.h */ = {isa = PBXFileReference; fileEncoding = 4; lastKnownFileType = sourcecode.c.h; path = LanguaguePickerViewController.h; sourceTree = "<group>"; };
		F75FDB751D6C370B004DC2FA /* LanguaguePickerViewController.m */ = {isa = PBXFileReference; fileEncoding = 4; lastKnownFileType = sourcecode.c.objc; path = LanguaguePickerViewController.m; sourceTree = "<group>"; };
/* End PBXFileReference section */

/* Begin PBXFrameworksBuildPhase section */
		C123331A18D6D43100894EED /* Frameworks */ = {
			isa = PBXFrameworksBuildPhase;
			buildActionMask = 2147483647;
			files = (
				D9E564921D9CFF7000EF8C30 /* CoreBluetooth.framework in Frameworks */,
				D9E564471D9CF23B00EF8C30 /* libsqlite3.tbd in Frameworks */,
				D9E5644B1D9CF25900EF8C30 /* libstdc++.6.0.9.tbd in Frameworks */,
				D9E564441D9CF23300EF8C30 /* libz.1.2.5.tbd in Frameworks */,
				D98403EF1DC44DAA00085DBF /* mobileRTC.framework in Frameworks */,
				D9E564491D9CF24200EF8C30 /* VideoToolbox.framework in Frameworks */,
			);
			runOnlyForDeploymentPostprocessing = 0;
		};
/* End PBXFrameworksBuildPhase section */

/* Begin PBXGroup section */
		C123331418D6D43100894EED = {
			isa = PBXGroup;
			children = (
				D98403A01DC44D6900085DBF /* MobileRTC.xcodeproj */,
				C123332618D6D43100894EED /* MobileRTCSample */,
				C123331F18D6D43100894EED /* Frameworks */,
				C123331E18D6D43100894EED /* Products */,
			);
			sourceTree = "<group>";
		};
		C123331E18D6D43100894EED /* Products */ = {
			isa = PBXGroup;
			children = (
				C123331D18D6D43100894EED /* MobileRTCSample.app */,
			);
			name = Products;
			sourceTree = "<group>";
		};
		C123331F18D6D43100894EED /* Frameworks */ = {
			isa = PBXGroup;
			children = (
				D9E564911D9CFF7000EF8C30 /* CoreBluetooth.framework */,
				D9E564461D9CF23B00EF8C30 /* libsqlite3.tbd */,
				D9E5644A1D9CF25900EF8C30 /* libstdc++.6.0.9.tbd */,
				D9E564431D9CF23300EF8C30 /* libz.1.2.5.tbd */,
				D98403EE1DC44DAA00085DBF /* mobileRTC.framework */,
				D98403F01DC44DB100085DBF /* MobileRTCResources.bundle */,
				D9E564481D9CF24200EF8C30 /* VideoToolbox.framework */,
			);
			name = Frameworks;
			sourceTree = "<group>";
		};
		C123332618D6D43100894EED /* MobileRTCSample */ = {
			isa = PBXGroup;
			children = (
				C123332F18D6D43100894EED /* AppDelegate.h */,
				C123333018D6D43100894EED /* AppDelegate.m */,
				D9FCEC131CEEB9CB0071F330 /* IntroViewController.h */,
				D9FCEC141CEEB9CB0071F330 /* IntroViewController.m */,
				D996D2431C99478B00C284F0 /* InviteViewController.h */,
				D996D2441C99478B00C284F0 /* InviteViewController.m */,
				F75FDB741D6C370B004DC2FA /* LanguaguePickerViewController.h */,
				F75FDB751D6C370B004DC2FA /* LanguaguePickerViewController.m */,
				D996D2451C99478B00C284F0 /* LaunchScreen.xib */,
				C123334F18D6D4E900894EED /* MainViewController.h */,
				C123335018D6D4E900894EED /* MainViewController.m */,
				D996D2461C99478B00C284F0 /* SettingsViewController.h */,
				D996D2471C99478B00C284F0 /* SettingsViewController.m */,
				D9FCEC171CEEB9CB0071F330 /* SplashViewController.h */,
				D9FCEC181CEEB9CB0071F330 /* SplashViewController.m */,
				C123332718D6D43100894EED /* Supporting Files */,
				C123335418D6D87B00894EED /* UIImage+Additions.h */,
				C123335518D6D87B00894EED /* UIImage+Additions.m */,
			);
			path = MobileRTCSample;
			sourceTree = "<group>";
		};
		C123332718D6D43100894EED /* Supporting Files */ = {
			isa = PBXGroup;
			children = (
				C123333218D6D43100894EED /* Images.xcassets */,
				C15B16161991BDF600F25C33 /* images */,
				C123332918D6D43100894EED /* InfoPlist.strings */,
				D996D23D1C99473F00C284F0 /* Localizable.strings */,
				C123332C18D6D43100894EED /* main.m */,
				C123332818D6D43100894EED /* MobileRTCSample-Info.plist */,
				C123332E18D6D43100894EED /* MobileRTCSample-Prefix.pch */,
			);
			name = "Supporting Files";
			sourceTree = "<group>";
		};
		C15B16161991BDF600F25C33 /* images */ = {
			isa = PBXGroup;
			children = (
				D9FCEC1C1CEEB9F70071F330 /* icon_meet.png */,
				D9FCEC1D1CEEB9F70071F330 /* icon_meet@2x.png */,
				D960A7691D6FDD6D001BF94E /* icon_meeting_share.png */,
				D960A76A1D6FDD6D001BF94E /* icon_meeting_share@2x.png */,
				D960A76B1D6FDD6D001BF94E /* icon_meeting_share@3x.png */,
				D960A76C1D6FDD6D001BF94E /* icon_meeting_stopshare.png */,
				D960A76D1D6FDD6D001BF94E /* icon_meeting_stopshare@2x.png */,
				D960A76E1D6FDD6D001BF94E /* icon_meeting_stopshare@3x.png */,
				D9FCEC1E1CEEB9F70071F330 /* icon_pause@2x.png */,
				D9FCEC1F1CEEB9F70071F330 /* icon_resume@2x.png */,
				D9FCEC201CEEB9F70071F330 /* icon_setting.png */,
				D9FCEC211CEEB9F70071F330 /* icon_setting@2x.png */,
				D9FCEC231CEEB9F70071F330 /* icon_share_app@2x.png */,
				D9FCEC251CEEB9F70071F330 /* zoom_intro1.png */,
				D9FCEC261CEEB9F70071F330 /* zoom_intro2.png */,
				D9FCEC271CEEB9F70071F330 /* zoom_intro3.png */,
				D9FCEC281CEEB9F70071F330 /* zoom_intro4.png */,
			);
			path = images;
			sourceTree = "<group>";
		};
		D98403A11DC44D6900085DBF /* Products */ = {
			isa = PBXGroup;
			children = (
				D98403A61DC44D6900085DBF /* MobileRTCResources.bundle */,
				D98403A81DC44D6900085DBF /* MobileRTC.framework */,
			);
			name = Products;
			sourceTree = "<group>";
		};
/* End PBXGroup section */

/* Begin PBXNativeTarget section */
		C123331C18D6D43100894EED /* MobileRTCSample */ = {
			isa = PBXNativeTarget;
			buildConfigurationList = C123334918D6D43100894EED /* Build configuration list for PBXNativeTarget "MobileRTCSample" */;
			buildPhases = (
				C123331918D6D43100894EED /* Sources */,
				C123331A18D6D43100894EED /* Frameworks */,
				C123331B18D6D43100894EED /* Resources */,
			);
			buildRules = (
			);
			dependencies = (
				D98403E91DC44D9500085DBF /* PBXTargetDependency */,
				D98403EB1DC44D9500085DBF /* PBXTargetDependency */,
			);
			name = MobileRTCSample;
			productName = ZoomSDKSample;
			productReference = C123331D18D6D43100894EED /* MobileRTCSample.app */;
			productType = "com.apple.product-type.application";
		};
/* End PBXNativeTarget section */

/* Begin PBXProject section */
		C123331518D6D43100894EED /* Project object */ = {
			isa = PBXProject;
			attributes = {
				LastUpgradeCheck = 0500;
				ORGANIZATIONNAME = "Zoom Video Communications, Inc.";
				TargetAttributes = {
					C123331C18D6D43100894EED = {
						DevelopmentTeam = BJ4HAAB9B3;
						SystemCapabilities = {
							com.apple.BackgroundModes = {
								enabled = 1;
							};
						};
					};
				};
			};
			buildConfigurationList = C123331818D6D43100894EED /* Build configuration list for PBXProject "MobileRTCSample" */;
			compatibilityVersion = "Xcode 3.2";
			developmentRegion = English;
			hasScannedForEncodings = 0;
			knownRegions = (
				en,
				"zh-Hans",
				ja,
				de,
				fr,
				"zh-Hant",
				es,
			);
			mainGroup = C123331418D6D43100894EED;
			productRefGroup = C123331E18D6D43100894EED /* Products */;
			projectDirPath = "";
			projectReferences = (
				{
					ProductGroup = D98403A11DC44D6900085DBF /* Products */;
					ProjectRef = D98403A01DC44D6900085DBF /* MobileRTC.xcodeproj */;
				},
			);
			projectRoot = "";
			targets = (
				C123331C18D6D43100894EED /* MobileRTCSample */,
			);
		};
/* End PBXProject section */

/* Begin PBXReferenceProxy section */
		D98403A61DC44D6900085DBF /* MobileRTCResources.bundle */ = {
			isa = PBXReferenceProxy;
			fileType = wrapper.cfbundle;
			path = MobileRTCResources.bundle;
			remoteRef = D98403A51DC44D6900085DBF /* PBXContainerItemProxy */;
			sourceTree = BUILT_PRODUCTS_DIR;
		};
		D98403A81DC44D6900085DBF /* MobileRTC.framework */ = {
			isa = PBXReferenceProxy;
			fileType = wrapper.framework;
			path = MobileRTC.framework;
			remoteRef = D98403A71DC44D6900085DBF /* PBXContainerItemProxy */;
			sourceTree = BUILT_PRODUCTS_DIR;
		};
/* End PBXReferenceProxy section */

/* Begin PBXResourcesBuildPhase section */
		C123331B18D6D43100894EED /* Resources */ = {
			isa = PBXResourcesBuildPhase;
			buildActionMask = 2147483647;
			files = (
				D98403F11DC44DB100085DBF /* MobileRTCResources.bundle in Resources */,
				D960A7741D6FDD6D001BF94E /* icon_meeting_stopshare@3x.png in Resources */,
				D9FCEC2A1CEEB9F70071F330 /* icon_meet@2x.png in Resources */,
				D9FCEC2C1CEEB9F70071F330 /* icon_resume@2x.png in Resources */,
				C123332B18D6D43100894EED /* InfoPlist.strings in Resources */,
				D960A7721D6FDD6D001BF94E /* icon_meeting_stopshare.png in Resources */,
				D9FCEC301CEEB9F70071F330 /* icon_share_app@2x.png in Resources */,
				D9FCEC341CEEB9F70071F330 /* zoom_intro3.png in Resources */,
				D9FCEC331CEEB9F70071F330 /* zoom_intro2.png in Resources */,
				D996D23F1C99473F00C284F0 /* Localizable.strings in Resources */,
				D960A7701D6FDD6D001BF94E /* icon_meeting_share@2x.png in Resources */,
				D960A7711D6FDD6D001BF94E /* icon_meeting_share@3x.png in Resources */,
				D996D2491C99478B00C284F0 /* LaunchScreen.xib in Resources */,
				D9FCEC2B1CEEB9F70071F330 /* icon_pause@2x.png in Resources */,
				D9FCEC291CEEB9F70071F330 /* icon_meet.png in Resources */,
				D9FCEC321CEEB9F70071F330 /* zoom_intro1.png in Resources */,
				D9FCEC351CEEB9F70071F330 /* zoom_intro4.png in Resources */,
				D960A7731D6FDD6D001BF94E /* icon_meeting_stopshare@2x.png in Resources */,
				D960A76F1D6FDD6D001BF94E /* icon_meeting_share.png in Resources */,
				C123333318D6D43100894EED /* Images.xcassets in Resources */,
				D9FCEC2D1CEEB9F70071F330 /* icon_setting.png in Resources */,
				D9FCEC2E1CEEB9F70071F330 /* icon_setting@2x.png in Resources */,
			);
			runOnlyForDeploymentPostprocessing = 0;
		};
/* End PBXResourcesBuildPhase section */

/* Begin PBXSourcesBuildPhase section */
		C123331918D6D43100894EED /* Sources */ = {
			isa = PBXSourcesBuildPhase;
			buildActionMask = 2147483647;
			files = (
				D996D2481C99478B00C284F0 /* InviteViewController.m in Sources */,
				C123333118D6D43100894EED /* AppDelegate.m in Sources */,
				F75FDB761D6C370B004DC2FA /* LanguaguePickerViewController.m in Sources */,
				D9FCEC191CEEB9CB0071F330 /* IntroViewController.m in Sources */,
				D9FCEC1B1CEEB9CB0071F330 /* SplashViewController.m in Sources */,
				C123335618D6D87B00894EED /* UIImage+Additions.m in Sources */,
				C123335218D6D4E900894EED /* MainViewController.m in Sources */,
				C123332D18D6D43100894EED /* main.m in Sources */,
				D996D24A1C99478B00C284F0 /* SettingsViewController.m in Sources */,
			);
			runOnlyForDeploymentPostprocessing = 0;
		};
/* End PBXSourcesBuildPhase section */

/* Begin PBXTargetDependency section */
		D98403E91DC44D9500085DBF /* PBXTargetDependency */ = {
			isa = PBXTargetDependency;
			name = MobileRTCResources;
			targetProxy = D98403E81DC44D9500085DBF /* PBXContainerItemProxy */;
		};
		D98403EB1DC44D9500085DBF /* PBXTargetDependency */ = {
			isa = PBXTargetDependency;
			name = MobileRTC;
			targetProxy = D98403EA1DC44D9500085DBF /* PBXContainerItemProxy */;
		};
/* End PBXTargetDependency section */

/* Begin PBXVariantGroup section */
		C123332918D6D43100894EED /* InfoPlist.strings */ = {
			isa = PBXVariantGroup;
			children = (
				C123332A18D6D43100894EED /* en */,
				C1D8947B19AF2DF800C7D61D /* zh-Hans */,
			);
			name = InfoPlist.strings;
			sourceTree = "<group>";
		};
		D996D23D1C99473F00C284F0 /* Localizable.strings */ = {
			isa = PBXVariantGroup;
			children = (
				D996D23E1C99473F00C284F0 /* en */,
				D996D2401C99474500C284F0 /* zh-Hans */,
				D9A095D81DA8D55600498CA1 /* ja */,
				D9A095D91DA8D71100498CA1 /* de */,
				D9A095DA1DA8D75500498CA1 /* fr */,
				D9A095DB1DA8D76700498CA1 /* zh-Hant */,
				D9A095DC1DA8D77E00498CA1 /* es */,
			);
			name = Localizable.strings;
			sourceTree = "<group>";
		};
/* End PBXVariantGroup section */

/* Begin XCBuildConfiguration section */
		C123334718D6D43100894EED /* Debug */ = {
			isa = XCBuildConfiguration;
			buildSettings = {
				ALWAYS_SEARCH_USER_PATHS = NO;
				ARCHS = "$(ARCHS_STANDARD)";
				CLANG_CXX_LANGUAGE_STANDARD = "gnu++0x";
				CLANG_CXX_LIBRARY = "libc++";
				CLANG_ENABLE_MODULES = YES;
				CLANG_ENABLE_OBJC_ARC = YES;
				CLANG_WARN_BOOL_CONVERSION = YES;
				CLANG_WARN_CONSTANT_CONVERSION = YES;
				CLANG_WARN_DIRECT_OBJC_ISA_USAGE = YES_ERROR;
				CLANG_WARN_EMPTY_BODY = YES;
				CLANG_WARN_ENUM_CONVERSION = YES;
				CLANG_WARN_INT_CONVERSION = YES;
				CLANG_WARN_OBJC_ROOT_CLASS = YES_ERROR;
				CLANG_WARN__DUPLICATE_METHOD_MATCH = YES;
				"CODE_SIGN_IDENTITY[sdk=iphoneos*]" = "iPhone Developer";
				COPY_PHASE_STRIP = NO;
				GCC_C_LANGUAGE_STANDARD = gnu99;
				GCC_DYNAMIC_NO_PIC = NO;
				GCC_OPTIMIZATION_LEVEL = 0;
				GCC_PREPROCESSOR_DEFINITIONS = (
					"DEBUG=1",
					"$(inherited)",
				);
				GCC_SYMBOLS_PRIVATE_EXTERN = NO;
				GCC_WARN_64_TO_32_BIT_CONVERSION = YES;
				GCC_WARN_ABOUT_RETURN_TYPE = YES_ERROR;
				GCC_WARN_UNDECLARED_SELECTOR = YES;
				GCC_WARN_UNINITIALIZED_AUTOS = YES;
				GCC_WARN_UNUSED_FUNCTION = YES;
				GCC_WARN_UNUSED_VARIABLE = YES;
				IPHONEOS_DEPLOYMENT_TARGET = 7.0;
				ONLY_ACTIVE_ARCH = YES;
				SDKROOT = iphoneos;
				TARGETED_DEVICE_FAMILY = "1,2";
			};
			name = Debug;
		};
		C123334818D6D43100894EED /* Release */ = {
			isa = XCBuildConfiguration;
			buildSettings = {
				ALWAYS_SEARCH_USER_PATHS = NO;
				ARCHS = "$(ARCHS_STANDARD)";
				CLANG_CXX_LANGUAGE_STANDARD = "gnu++0x";
				CLANG_CXX_LIBRARY = "libc++";
				CLANG_ENABLE_MODULES = YES;
				CLANG_ENABLE_OBJC_ARC = YES;
				CLANG_WARN_BOOL_CONVERSION = YES;
				CLANG_WARN_CONSTANT_CONVERSION = YES;
				CLANG_WARN_DIRECT_OBJC_ISA_USAGE = YES_ERROR;
				CLANG_WARN_EMPTY_BODY = YES;
				CLANG_WARN_ENUM_CONVERSION = YES;
				CLANG_WARN_INT_CONVERSION = YES;
				CLANG_WARN_OBJC_ROOT_CLASS = YES_ERROR;
				CLANG_WARN__DUPLICATE_METHOD_MATCH = YES;
				"CODE_SIGN_IDENTITY[sdk=iphoneos*]" = "iPhone Developer";
				COPY_PHASE_STRIP = YES;
				ENABLE_NS_ASSERTIONS = NO;
				GCC_C_LANGUAGE_STANDARD = gnu99;
				GCC_WARN_64_TO_32_BIT_CONVERSION = YES;
				GCC_WARN_ABOUT_RETURN_TYPE = YES_ERROR;
				GCC_WARN_UNDECLARED_SELECTOR = YES;
				GCC_WARN_UNINITIALIZED_AUTOS = YES;
				GCC_WARN_UNUSED_FUNCTION = YES;
				GCC_WARN_UNUSED_VARIABLE = YES;
				IPHONEOS_DEPLOYMENT_TARGET = 7.0;
				SDKROOT = iphoneos;
				TARGETED_DEVICE_FAMILY = "1,2";
				VALIDATE_PRODUCT = YES;
			};
			name = Release;
		};
		C123334A18D6D43100894EED /* Debug */ = {
			isa = XCBuildConfiguration;
			buildSettings = {
				ARCHS = "$(ARCHS_STANDARD)";
				ASSETCATALOG_COMPILER_APPICON_NAME = AppIcon;
				ASSETCATALOG_COMPILER_LAUNCHIMAGE_NAME = LaunchImage;
				CLANG_CXX_LANGUAGE_STANDARD = "compiler-default";
				CLANG_CXX_LIBRARY = "compiler-default";
				CLANG_ENABLE_OBJC_ARC = NO;
				CODE_SIGN_IDENTITY = "iPhone Developer";
				CONFIGURATION_BUILD_DIR = "$(BUILD_DIR)/$(CONFIGURATION)$(EFFECTIVE_PLATFORM_NAME)";
				DEAD_CODE_STRIPPING = YES;
				ENABLE_BITCODE = NO;
				FRAMEWORK_SEARCH_PATHS = (
					"$(inherited)",
					../lib,
				);
				GCC_PRECOMPILE_PREFIX_HEADER = YES;
				GCC_PREFIX_HEADER = "MobileRTCSample/MobileRTCSample-Prefix.pch";
				INFOPLIST_FILE = "MobileRTCSample/MobileRTCSample-Info.plist";
				LD_RUNPATH_SEARCH_PATHS = "$(inherited) @executable_path/Frameworks";
				LIBRARY_SEARCH_PATHS = "$(inherited)";
				OTHER_LDFLAGS = "-ObjC";
				PRODUCT_NAME = MobileRTCSample;
				USER_HEADER_SEARCH_PATHS = "";
				WRAPPER_EXTENSION = app;
			};
			name = Debug;
		};
		C123334B18D6D43100894EED /* Release */ = {
			isa = XCBuildConfiguration;
			buildSettings = {
				ARCHS = "$(ARCHS_STANDARD)";
				ASSETCATALOG_COMPILER_APPICON_NAME = AppIcon;
				ASSETCATALOG_COMPILER_LAUNCHIMAGE_NAME = LaunchImage;
				CLANG_CXX_LANGUAGE_STANDARD = "compiler-default";
				CLANG_CXX_LIBRARY = "compiler-default";
				CLANG_ENABLE_OBJC_ARC = NO;
				CODE_SIGN_IDENTITY = "iPhone Developer";
				CONFIGURATION_BUILD_DIR = "$(BUILD_DIR)/$(CONFIGURATION)$(EFFECTIVE_PLATFORM_NAME)";
				DEAD_CODE_STRIPPING = YES;
				ENABLE_BITCODE = NO;
				FRAMEWORK_SEARCH_PATHS = (
					"$(inherited)",
					../lib,
				);
				GCC_PRECOMPILE_PREFIX_HEADER = YES;
				GCC_PREFIX_HEADER = "MobileRTCSample/MobileRTCSample-Prefix.pch";
				INFOPLIST_FILE = "MobileRTCSample/MobileRTCSample-Info.plist";
				LD_RUNPATH_SEARCH_PATHS = "$(inherited) @executable_path/Frameworks";
				LIBRARY_SEARCH_PATHS = "$(inherited)";
				OTHER_LDFLAGS = "-ObjC";
				PRODUCT_NAME = MobileRTCSample;
				USER_HEADER_SEARCH_PATHS = "";
				WRAPPER_EXTENSION = app;
			};
			name = Release;
		};
/* End XCBuildConfiguration section */

/* Begin XCConfigurationList section */
		C123331818D6D43100894EED /* Build configuration list for PBXProject "MobileRTCSample" */ = {
			isa = XCConfigurationList;
			buildConfigurations = (
				C123334718D6D43100894EED /* Debug */,
				C123334818D6D43100894EED /* Release */,
			);
			defaultConfigurationIsVisible = 0;
			defaultConfigurationName = Release;
		};
		C123334918D6D43100894EED /* Build configuration list for PBXNativeTarget "MobileRTCSample" */ = {
			isa = XCConfigurationList;
			buildConfigurations = (
				C123334A18D6D43100894EED /* Debug */,
				C123334B18D6D43100894EED /* Release */,
			);
			defaultConfigurationIsVisible = 0;
			defaultConfigurationName = Release;
		};
/* End XCConfigurationList section */
	};
	rootObject = C123331518D6D43100894EED /* Project object */;
}
